
Microsoft Visual Studio Solution File, Format Version 12.00
# Visual Studio Version 16
VisualStudioVersion = 16.0.28803.452
MinimumVisualStudioVersion = 10.0.40219.1
Project("{8BC9CEB8-8B4A-11D0-8D11-00A0C91BC942}") = "3_LABS_TSASA", "3_LABS_TSASA\3_LABS_TSASA.vcxproj", "{884467C8-1545-43E7-BF8A-B8BC18AB7815}"
EndProject
Global
	GlobalSection(SolutionConfigurationPlatforms) = preSolution
		Debug|x64 = Debug|x64
		Debug|x86 = Debug|x86
		Release|x64 = Release|x64
		Release|x86 = Release|x86
	EndGlobalSection
	GlobalSection(ProjectConfigurationPlatforms) = postSolution
		{884467C8-1545-43E7-BF8A-B8BC18AB7815}.Debug|x64.ActiveCfg = Debug|x64
		{884467C8-1545-43E7-BF8A-B8BC18AB7815}.Debug|x64.Build.0 = Debug|x64
		{884467C8-1545-43E7-BF8A-B8BC18AB7815}.Debug|x86.ActiveCfg = Debug|Win32
		{884467C8-1545-43E7-BF8A-B8BC18AB7815}.Debug|x86.Build.0 = Debug|Win32
		{884467C8-1545-43E7-BF8A-B8BC18AB7815}.Release|x64.ActiveCfg = Release|x64
		{884467C8-1545-43E7-BF8A-B8BC18AB7815}.Release|x64.Build.0 = Release|x64
		{884467C8-1545-43E7-BF8A-B8BC18AB7815}.Release|x86.ActiveCfg = Release|Win32
		{884467C8-1545-43E7-BF8A-B8BC18AB7815}.Release|x86.Build.0 = Release|Win32
	EndGlobalSection
	GlobalSection(SolutionProperties) = preSolution
		HideSolutionNode = FALSE
	EndGlobalSection
	GlobalSection(ExtensibilityGlobals) = postSolution
		SolutionGuid = {5804D672-C5A9-4252-A957-7736884C18C0}
	EndGlobalSection
EndGlobal
